
Microsoft Visual Studio Solution File, Format Version 12.00
Project("{FAE04EC0-301F-11D3-BF4B-00C04F79EFBC}") = "Client", "Client\Client.csproj", "{D44E058E-BFBF-47EE-ABBD-0CB2A9062EF0}"
EndProject
Project("{FAE04EC0-301F-11D3-BF4B-00C04F79EFBC}") = "SharedLibrary", "SharedLibrary\SharedLibrary.csproj", "{627237EB-10CF-43FA-8721-1BAD56A9F738}"
EndProject
Project("{FAE04EC0-301F-11D3-BF4B-00C04F79EFBC}") = "Server", "Server\Server.csproj", "{1A8815C4-B92E-446E-822E-F7FBDB3B7D13}"
EndProject
Global
	GlobalSection(SolutionConfigurationPlatforms) = preSolution
		Debug|Any CPU = Debug|Any CPU
		Release|Any CPU = Release|Any CPU
	EndGlobalSection
	GlobalSection(ProjectConfigurationPlatforms) = postSolution
		{D44E058E-BFBF-47EE-ABBD-0CB2A9062EF0}.Debug|Any CPU.ActiveCfg = Debug|Any CPU
		{D44E058E-BFBF-47EE-ABBD-0CB2A9062EF0}.Debug|Any CPU.Build.0 = Debug|Any CPU
		{D44E058E-BFBF-47EE-ABBD-0CB2A9062EF0}.Release|Any CPU.ActiveCfg = Release|Any CPU
		{D44E058E-BFBF-47EE-ABBD-0CB2A9062EF0}.Release|Any CPU.Build.0 = Release|Any CPU
		{627237EB-10CF-43FA-8721-1BAD56A9F738}.Debug|Any CPU.ActiveCfg = Debug|Any CPU
		{627237EB-10CF-43FA-8721-1BAD56A9F738}.Debug|Any CPU.Build.0 = Debug|Any CPU
		{627237EB-10CF-43FA-8721-1BAD56A9F738}.Release|Any CPU.ActiveCfg = Release|Any CPU
		{627237EB-10CF-43FA-8721-1BAD56A9F738}.Release|Any CPU.Build.0 = Release|Any CPU
		{1A8815C4-B92E-446E-822E-F7FBDB3B7D13}.Debug|Any CPU.ActiveCfg = Debug|Any CPU
		{1A8815C4-B92E-446E-822E-F7FBDB3B7D13}.Debug|Any CPU.Build.0 = Debug|Any CPU
		{1A8815C4-B92E-446E-822E-F7FBDB3B7D13}.Release|Any CPU.ActiveCfg = Release|Any CPU
		{1A8815C4-B92E-446E-822E-F7FBDB3B7D13}.Release|Any CPU.Build.0 = Release|Any CPU
	EndGlobalSection
EndGlobal
